
Microsoft Visual Studio Solution File, Format Version 12.00
# Visual Studio Version 17
VisualStudioVersion = 17.13.35931.197 d17.13
MinimumVisualStudioVersion = 10.0.40219.1
Project("{FAE04EC0-301F-11D3-BF4B-00C04F79EFBC}") = "leson01.mvc", "leson01.mvc\leson01.mvc.csproj", "{640F7EB5-8528-4BE7-8476-60573BDBB3DF}"
EndProject
Global
	GlobalSection(SolutionConfigurationPlatforms) = preSolution
		Debug|Any CPU = Debug|Any CPU
		Release|Any CPU = Release|Any CPU
	EndGlobalSection
	GlobalSection(ProjectConfigurationPlatforms) = postSolution
		{640F7EB5-8528-4BE7-8476-60573BDBB3DF}.Debug|Any CPU.ActiveCfg = Debug|Any CPU
		{640F7EB5-8528-4BE7-8476-60573BDBB3DF}.Debug|Any CPU.Build.0 = Debug|Any CPU
		{640F7EB5-8528-4BE7-8476-60573BDBB3DF}.Release|Any CPU.ActiveCfg = Release|Any CPU
		{640F7EB5-8528-4BE7-8476-60573BDBB3DF}.Release|Any CPU.Build.0 = Release|Any CPU
	EndGlobalSection
	GlobalSection(SolutionProperties) = preSolution
		HideSolutionNode = FALSE
	EndGlobalSection
	GlobalSection(ExtensibilityGlobals) = postSolution
		SolutionGuid = {24AD13FF-FA0D-4853-A37C-9A37443669AD}
	EndGlobalSection
EndGlobal
