
Microsoft Visual Studio Solution File, Format Version 12.00
# Visual Studio Version 17
VisualStudioVersion = 17.14.36121.58 d17.14
MinimumVisualStudioVersion = 10.0.40219.1
Project("{FAE04EC0-301F-11D3-BF4B-00C04F79EFBC}") = "MaiBinhAn_2310900001", "MaiBinhAn_2310900001.csproj", "{FCFC9ED7-0204-4886-8D38-69A5D9B577CC}"
EndProject
Global
	GlobalSection(SolutionConfigurationPlatforms) = preSolution
		Debug|Any CPU = Debug|Any CPU
		Release|Any CPU = Release|Any CPU
	EndGlobalSection
	GlobalSection(ProjectConfigurationPlatforms) = postSolution
		{FCFC9ED7-0204-4886-8D38-69A5D9B577CC}.Debug|Any CPU.ActiveCfg = Debug|Any CPU
		{FCFC9ED7-0204-4886-8D38-69A5D9B577CC}.Debug|Any CPU.Build.0 = Debug|Any CPU
		{FCFC9ED7-0204-4886-8D38-69A5D9B577CC}.Release|Any CPU.ActiveCfg = Release|Any CPU
		{FCFC9ED7-0204-4886-8D38-69A5D9B577CC}.Release|Any CPU.Build.0 = Release|Any CPU
	EndGlobalSection
	GlobalSection(SolutionProperties) = preSolution
		HideSolutionNode = FALSE
	EndGlobalSection
	GlobalSection(ExtensibilityGlobals) = postSolution
		SolutionGuid = {BF31686D-DB4B-4649-8191-FDB06BA9A929}
	EndGlobalSection
EndGlobal
